
Microsoft Visual Studio Solution File, Format Version 12.00
# Visual Studio 15
Project("{FAE04EC0-301F-11D3-BF4B-00C04F79EFBC}") = "Assembly-CSharp", "Assembly-CSharp.csproj", "{D430DF71-1326-F6F4-FF5B-015DB5355B4A}"
EndProject
Project("{FAE04EC0-301F-11D3-BF4B-00C04F79EFBC}") = "Assembly-CSharp-Editor", "Assembly-CSharp-Editor.csproj", "{4125E53B-03DC-84AA-714A-D59CB5AAC268}"
EndProject
Global
	GlobalSection(SolutionConfigurationPlatforms) = preSolution
		Debug|Any CPU = Debug|Any CPU
		Release|Any CPU = Release|Any CPU
	EndGlobalSection
	GlobalSection(ProjectConfigurationPlatforms) = postSolution
		{D430DF71-1326-F6F4-FF5B-015DB5355B4A}.Debug|Any CPU.ActiveCfg = Debug|Any CPU
		{D430DF71-1326-F6F4-FF5B-015DB5355B4A}.Debug|Any CPU.Build.0 = Debug|Any CPU
		{D430DF71-1326-F6F4-FF5B-015DB5355B4A}.Release|Any CPU.ActiveCfg = Release|Any CPU
		{D430DF71-1326-F6F4-FF5B-015DB5355B4A}.Release|Any CPU.Build.0 = Release|Any CPU
		{4125E53B-03DC-84AA-714A-D59CB5AAC268}.Debug|Any CPU.ActiveCfg = Debug|Any CPU
		{4125E53B-03DC-84AA-714A-D59CB5AAC268}.Debug|Any CPU.Build.0 = Debug|Any CPU
		{4125E53B-03DC-84AA-714A-D59CB5AAC268}.Release|Any CPU.ActiveCfg = Release|Any CPU
		{4125E53B-03DC-84AA-714A-D59CB5AAC268}.Release|Any CPU.Build.0 = Release|Any CPU
	EndGlobalSection
	GlobalSection(SolutionProperties) = preSolution
		HideSolutionNode = FALSE
	EndGlobalSection
EndGlobal
